// !$*UTF8*$!
{
	archiveVersion = 1;
	classes = {
	};
	objectVersion = 55;
	objects = {

/* Begin PBXBuildFile section */
		BF24FE7728C4DBF600775945 /* Restart_SwiftUIApp.swift in Sources */ = {isa = PBXBuildFile; fileRef = BF24FE7628C4DBF600775945 /* Restart_SwiftUIApp.swift */; };
		BF24FE7928C4DBF600775945 /* ContentView.swift in Sources */ = {isa = PBXBuildFile; fileRef = BF24FE7828C4DBF600775945 /* ContentView.swift */; };
		BF24FE7B28C4DBF800775945 /* Assets.xcassets in Resources */ = {isa = PBXBuildFile; fileRef = BF24FE7A28C4DBF800775945 /* Assets.xcassets */; };
		BF24FE7E28C4DBF800775945 /* Preview Assets.xcassets in Resources */ = {isa = PBXBuildFile; fileRef = BF24FE7D28C4DBF800775945 /* Preview Assets.xcassets */; };
		BF24FE8828C4DBF800775945 /* Restart_SwiftUITests.swift in Sources */ = {isa = PBXBuildFile; fileRef = BF24FE8728C4DBF800775945 /* Restart_SwiftUITests.swift */; };
		BF24FE9228C4DBF800775945 /* Restart_SwiftUIUITests.swift in Sources */ = {isa = PBXBuildFile; fileRef = BF24FE9128C4DBF800775945 /* Restart_SwiftUIUITests.swift */; };
		BF24FE9428C4DBF800775945 /* Restart_SwiftUIUITestsLaunchTests.swift in Sources */ = {isa = PBXBuildFile; fileRef = BF24FE9328C4DBF800775945 /* Restart_SwiftUIUITestsLaunchTests.swift */; };
		BF24FEA228C5765C00775945 /* chimeup.mp3 in Resources */ = {isa = PBXBuildFile; fileRef = BF24FEA028C5765C00775945 /* chimeup.mp3 */; };
		BF24FEA328C5765C00775945 /* success.m4a in Resources */ = {isa = PBXBuildFile; fileRef = BF24FEA128C5765C00775945 /* success.m4a */; };
		BF24FEAA28C57C5000775945 /* OnboardingView.swift in Sources */ = {isa = PBXBuildFile; fileRef = BF24FEA928C57C5000775945 /* OnboardingView.swift */; };
		BF24FEAC28C57C5900775945 /* HomeView.swift in Sources */ = {isa = PBXBuildFile; fileRef = BF24FEAB28C57C5900775945 /* HomeView.swift */; };
		BF24FEAE28C589B800775945 /* CircleGroupView.swift in Sources */ = {isa = PBXBuildFile; fileRef = BF24FEAD28C589B800775945 /* CircleGroupView.swift */; };
		BF24FEB028C5B66D00775945 /* AudioPlayer.swift in Sources */ = {isa = PBXBuildFile; fileRef = BF24FEAF28C5B66C00775945 /* AudioPlayer.swift */; };
/* End PBXBuildFile section */

/* Begin PBXContainerItemProxy section */
		BF24FE8428C4DBF800775945 /* PBXContainerItemProxy */ = {
			isa = PBXContainerItemProxy;
			containerPortal = BF24FE6B28C4DBF600775945 /* Project object */;
			proxyType = 1;
			remoteGlobalIDString = BF24FE7228C4DBF600775945;
			remoteInfo = "Restart-SwiftUI";
		};
		BF24FE8E28C4DBF800775945 /* PBXContainerItemProxy */ = {
			isa = PBXContainerItemProxy;
			containerPortal = BF24FE6B28C4DBF600775945 /* Project object */;
			proxyType = 1;
			remoteGlobalIDString = BF24FE7228C4DBF600775945;
			remoteInfo = "Restart-SwiftUI";
		};
/* End PBXContainerItemProxy section */

/* Begin PBXFileReference section */
		BF24FE7328C4DBF600775945 /* Restart-SwiftUI.app */ = {isa = PBXFileReference; explicitFileType = wrapper.application; includeInIndex = 0; path = "Restart-SwiftUI.app"; sourceTree = BUILT_PRODUCTS_DIR; };
		BF24FE7628C4DBF600775945 /* Restart_SwiftUIApp.swift */ = {isa = PBXFileReference; lastKnownFileType = sourcecode.swift; path = Restart_SwiftUIApp.swift; sourceTree = "<group>"; };
		BF24FE7828C4DBF600775945 /* ContentView.swift */ = {isa = PBXFileReference; lastKnownFileType = sourcecode.swift; path = ContentView.swift; sourceTree = "<group>"; };
		BF24FE7A28C4DBF800775945 /* Assets.xcassets */ = {isa = PBXFileReference; lastKnownFileType = folder.assetcatalog; path = Assets.xcassets; sourceTree = "<group>"; };
		BF24FE7D28C4DBF800775945 /* Preview Assets.xcassets */ = {isa = PBXFileReference; lastKnownFileType = folder.assetcatalog; path = "Preview Assets.xcassets"; sourceTree = "<group>"; };
		BF24FE8328C4DBF800775945 /* Restart-SwiftUITests.xctest */ = {isa = PBXFileReference; explicitFileType = wrapper.cfbundle; includeInIndex = 0; path = "Restart-SwiftUITests.xctest"; sourceTree = BUILT_PRODUCTS_DIR; };
		BF24FE8728C4DBF800775945 /* Restart_SwiftUITests.swift */ = {isa = PBXFileReference; lastKnownFileType = sourcecode.swift; path = Restart_SwiftUITests.swift; sourceTree = "<group>"; };
		BF24FE8D28C4DBF800775945 /* Restart-SwiftUIUITests.xctest */ = {isa = PBXFileReference; explicitFileType = wrapper.cfbundle; includeInIndex = 0; path = "Restart-SwiftUIUITests.xctest"; sourceTree = BUILT_PRODUCTS_DIR; };
		BF24FE9128C4DBF800775945 /* Restart_SwiftUIUITests.swift */ = {isa = PBXFileReference; lastKnownFileType = sourcecode.swift; path = Restart_SwiftUIUITests.swift; sourceTree = "<group>"; };
		BF24FE9328C4DBF800775945 /* Restart_SwiftUIUITestsLaunchTests.swift */ = {isa = PBXFileReference; lastKnownFileType = sourcecode.swift; path = Restart_SwiftUIUITestsLaunchTests.swift; sourceTree = "<group>"; };
		BF24FEA028C5765C00775945 /* chimeup.mp3 */ = {isa = PBXFileReference; lastKnownFileType = audio.mp3; path = chimeup.mp3; sourceTree = "<group>"; };
		BF24FEA128C5765C00775945 /* success.m4a */ = {isa = PBXFileReference; lastKnownFileType = file; path = success.m4a; sourceTree = "<group>"; };
		BF24FEA828C57BF000775945 /* Info.plist */ = {isa = PBXFileReference; lastKnownFileType = text.plist; path = Info.plist; sourceTree = "<group>"; };
		BF24FEA928C57C5000775945 /* OnboardingView.swift */ = {isa = PBXFileReference; lastKnownFileType = sourcecode.swift; path = OnboardingView.swift; sourceTree = "<group>"; };
		BF24FEAB28C57C5900775945 /* HomeView.swift */ = {isa = PBXFileReference; lastKnownFileType = sourcecode.swift; path = HomeView.swift; sourceTree = "<group>"; };
		BF24FEAD28C589B800775945 /* CircleGroupView.swift */ = {isa = PBXFileReference; lastKnownFileType = sourcecode.swift; path = CircleGroupView.swift; sourceTree = "<group>"; };
		BF24FEAF28C5B66C00775945 /* AudioPlayer.swift */ = {isa = PBXFileReference; lastKnownFileType = sourcecode.swift; path = AudioPlayer.swift; sourceTree = "<group>"; };
/* End PBXFileReference section */

/* Begin PBXFrameworksBuildPhase section */
		BF24FE7028C4DBF600775945 /* Frameworks */ = {
			isa = PBXFrameworksBuildPhase;
			buildActionMask = 2147483647;
			files = (
			);
			runOnlyForDeploymentPostprocessing = 0;
		};
		BF24FE8028C4DBF800775945 /* Frameworks */ = {
			isa = PBXFrameworksBuildPhase;
			buildActionMask = 2147483647;
			files = (
			);
			runOnlyForDeploymentPostprocessing = 0;
		};
		BF24FE8A28C4DBF800775945 /* Frameworks */ = {
			isa = PBXFrameworksBuildPhase;
			buildActionMask = 2147483647;
			files = (
			);
			runOnlyForDeploymentPostprocessing = 0;
		};
/* End PBXFrameworksBuildPhase section */

/* Begin PBXGroup section */
		BF24FE6A28C4DBF600775945 = {
			isa = PBXGroup;
			children = (
				BF24FE7528C4DBF600775945 /* Restart-SwiftUI */,
				BF24FE8628C4DBF800775945 /* Restart-SwiftUITests */,
				BF24FE9028C4DBF800775945 /* Restart-SwiftUIUITests */,
				BF24FE7428C4DBF600775945 /* Products */,
			);
			sourceTree = "<group>";
		};
		BF24FE7428C4DBF600775945 /* Products */ = {
			isa = PBXGroup;
			children = (
				BF24FE7328C4DBF600775945 /* Restart-SwiftUI.app */,
				BF24FE8328C4DBF800775945 /* Restart-SwiftUITests.xctest */,
				BF24FE8D28C4DBF800775945 /* Restart-SwiftUIUITests.xctest */,
			);
			name = Products;
			sourceTree = "<group>";
		};
		BF24FE7528C4DBF600775945 /* Restart-SwiftUI */ = {
			isa = PBXGroup;
			children = (
				BF24FEA828C57BF000775945 /* Info.plist */,
				BF24FEA728C57B0400775945 /* Utilities */,
				BF24FEA628C57AF800775945 /* Views */,
				BF24FE7628C4DBF600775945 /* Restart_SwiftUIApp.swift */,
				BF24FEA528C57AEC00775945 /* Screens */,
				BF24FE7A28C4DBF800775945 /* Assets.xcassets */,
				BF24FEA428C5766400775945 /* Sounds */,
				BF24FE7C28C4DBF800775945 /* Preview Content */,
			);
			path = "Restart-SwiftUI";
			sourceTree = "<group>";
		};
		BF24FE7C28C4DBF800775945 /* Preview Content */ = {
			isa = PBXGroup;
			children = (
				BF24FE7D28C4DBF800775945 /* Preview Assets.xcassets */,
			);
			path = "Preview Content";
			sourceTree = "<group>";
		};
		BF24FE8628C4DBF800775945 /* Restart-SwiftUITests */ = {
			isa = PBXGroup;
			children = (
				BF24FE8728C4DBF800775945 /* Restart_SwiftUITests.swift */,
			);
			path = "Restart-SwiftUITests";
			sourceTree = "<group>";
		};
		BF24FE9028C4DBF800775945 /* Restart-SwiftUIUITests */ = {
			isa = PBXGroup;
			children = (
				BF24FE9128C4DBF800775945 /* Restart_SwiftUIUITests.swift */,
				BF24FE9328C4DBF800775945 /* Restart_SwiftUIUITestsLaunchTests.swift */,
			);
			path = "Restart-SwiftUIUITests";
			sourceTree = "<group>";
		};
		BF24FEA428C5766400775945 /* Sounds */ = {
			isa = PBXGroup;
			children = (
				BF24FEA028C5765C00775945 /* chimeup.mp3 */,
				BF24FEA128C5765C00775945 /* success.m4a */,
			);
			path = Sounds;
			sourceTree = "<group>";
		};
		BF24FEA528C57AEC00775945 /* Screens */ = {
			isa = PBXGroup;
			children = (
				BF24FE7828C4DBF600775945 /* ContentView.swift */,
				BF24FEA928C57C5000775945 /* OnboardingView.swift */,
				BF24FEAB28C57C5900775945 /* HomeView.swift */,
			);
			path = Screens;
			sourceTree = "<group>";
		};
		BF24FEA628C57AF800775945 /* Views */ = {
			isa = PBXGroup;
			children = (
				BF24FEAD28C589B800775945 /* CircleGroupView.swift */,
			);
			path = Views;
			sourceTree = "<group>";
		};
		BF24FEA728C57B0400775945 /* Utilities */ = {
			isa = PBXGroup;
			children = (
				BF24FEAF28C5B66C00775945 /* AudioPlayer.swift */,
			);
			path = Utilities;
			sourceTree = "<group>";
		};
/* End PBXGroup section */

/* Begin PBXNativeTarget section */
		BF24FE7228C4DBF600775945 /* Restart-SwiftUI */ = {
			isa = PBXNativeTarget;
			buildConfigurationList = BF24FE9728C4DBF800775945 /* Build configuration list for PBXNativeTarget "Restart-SwiftUI" */;
			buildPhases = (
				BF24FE6F28C4DBF600775945 /* Sources */,
				BF24FE7028C4DBF600775945 /* Frameworks */,
				BF24FE7128C4DBF600775945 /* Resources */,
			);
			buildRules = (
			);
			dependencies = (
			);
			name = "Restart-SwiftUI";
			productName = "Restart-SwiftUI";
			productReference = BF24FE7328C4DBF600775945 /* Restart-SwiftUI.app */;
			productType = "com.apple.product-type.application";
		};
		BF24FE8228C4DBF800775945 /* Restart-SwiftUITests */ = {
			isa = PBXNativeTarget;
			buildConfigurationList = BF24FE9A28C4DBF800775945 /* Build configuration list for PBXNativeTarget "Restart-SwiftUITests" */;
			buildPhases = (
				BF24FE7F28C4DBF800775945 /* Sources */,
				BF24FE8028C4DBF800775945 /* Frameworks */,
				BF24FE8128C4DBF800775945 /* Resources */,
			);
			buildRules = (
			);
			dependencies = (
				BF24FE8528C4DBF800775945 /* PBXTargetDependency */,
			);
			name = "Restart-SwiftUITests";
			productName = "Restart-SwiftUITests";
			productReference = BF24FE8328C4DBF800775945 /* Restart-SwiftUITests.xctest */;
			productType = "com.apple.product-type.bundle.unit-test";
		};
		BF24FE8C28C4DBF800775945 /* Restart-SwiftUIUITests */ = {
			isa = PBXNativeTarget;
			buildConfigurationList = BF24FE9D28C4DBF800775945 /* Build configuration list for PBXNativeTarget "Restart-SwiftUIUITests" */;
			buildPhases = (
				BF24FE8928C4DBF800775945 /* Sources */,
				BF24FE8A28C4DBF800775945 /* Frameworks */,
				BF24FE8B28C4DBF800775945 /* Resources */,
			);
			buildRules = (
			);
			dependencies = (
				BF24FE8F28C4DBF800775945 /* PBXTargetDependency */,
			);
			name = "Restart-SwiftUIUITests";
			productName = "Restart-SwiftUIUITests";
			productReference = BF24FE8D28C4DBF800775945 /* Restart-SwiftUIUITests.xctest */;
			productType = "com.apple.product-type.bundle.ui-testing";
		};
/* End PBXNativeTarget section */

/* Begin PBXProject section */
		BF24FE6B28C4DBF600775945 /* Project object */ = {
			isa = PBXProject;
			attributes = {
				BuildIndependentTargetsInParallel = 1;
				LastSwiftUpdateCheck = 1340;
				LastUpgradeCheck = 1340;
				TargetAttributes = {
					BF24FE7228C4DBF600775945 = {
						CreatedOnToolsVersion = 13.4.1;
					};
					BF24FE8228C4DBF800775945 = {
						CreatedOnToolsVersion = 13.4.1;
						TestTargetID = BF24FE7228C4DBF600775945;
					};
					BF24FE8C28C4DBF800775945 = {
						CreatedOnToolsVersion = 13.4.1;
						TestTargetID = BF24FE7228C4DBF600775945;
					};
				};
			};
			buildConfigurationList = BF24FE6E28C4DBF600775945 /* Build configuration list for PBXProject "Restart-SwiftUI" */;
			compatibilityVersion = "Xcode 13.0";
			developmentRegion = en;
			hasScannedForEncodings = 0;
			knownRegions = (
				en,
				Base,
			);
			mainGroup = BF24FE6A28C4DBF600775945;
			productRefGroup = BF24FE7428C4DBF600775945 /* Products */;
			projectDirPath = "";
			projectRoot = "";
			targets = (
				BF24FE7228C4DBF600775945 /* Restart-SwiftUI */,
				BF24FE8228C4DBF800775945 /* Restart-SwiftUITests */,
				BF24FE8C28C4DBF800775945 /* Restart-SwiftUIUITests */,
			);
		};
/* End PBXProject section */

/* Begin PBXResourcesBuildPhase section */
		BF24FE7128C4DBF600775945 /* Resources */ = {
			isa = PBXResourcesBuildPhase;
			buildActionMask = 2147483647;
			files = (
				BF24FEA328C5765C00775945 /* success.m4a in Resources */,
				BF24FEA228C5765C00775945 /* chimeup.mp3 in Resources */,
				BF24FE7E28C4DBF800775945 /* Preview Assets.xcassets in Resources */,
				BF24FE7B28C4DBF800775945 /* Assets.xcassets in Resources */,
			);
			runOnlyForDeploymentPostprocessing = 0;
		};
		BF24FE8128C4DBF800775945 /* Resources */ = {
			isa = PBXResourcesBuildPhase;
			buildActionMask = 2147483647;
			files = (
			);
			runOnlyForDeploymentPostprocessing = 0;
		};
		BF24FE8B28C4DBF800775945 /* Resources */ = {
			isa = PBXResourcesBuildPhase;
			buildActionMask = 2147483647;
			files = (
			);
			runOnlyForDeploymentPostprocessing = 0;
		};
/* End PBXResourcesBuildPhase section */

/* Begin PBXSourcesBuildPhase section */
		BF24FE6F28C4DBF600775945 /* Sources */ = {
			isa = PBXSourcesBuildPhase;
			buildActionMask = 2147483647;
			files = (
				BF24FEAE28C589B800775945 /* CircleGroupView.swift in Sources */,
				BF24FEAA28C57C5000775945 /* OnboardingView.swift in Sources */,
				BF24FEAC28C57C5900775945 /* HomeView.swift in Sources */,
				BF24FE7928C4DBF600775945 /* ContentView.swift in Sources */,
				BF24FE7728C4DBF600775945 /* Restart_SwiftUIApp.swift in Sources */,
				BF24FEB028C5B66D00775945 /* AudioPlayer.swift in Sources */,
			);
			runOnlyForDeploymentPostprocessing = 0;
		};
		BF24FE7F28C4DBF800775945 /* Sources */ = {
			isa = PBXSourcesBuildPhase;
			buildActionMask = 2147483647;
			files = (
				BF24FE8828C4DBF800775945 /* Restart_SwiftUITests.swift in Sources */,
			);
			runOnlyForDeploymentPostprocessing = 0;
		};
		BF24FE8928C4DBF800775945 /* Sources */ = {
			isa = PBXSourcesBuildPhase;
			buildActionMask = 2147483647;
			files = (
				BF24FE9428C4DBF800775945 /* Restart_SwiftUIUITestsLaunchTests.swift in Sources */,
				BF24FE9228C4DBF800775945 /* Restart_SwiftUIUITests.swift in Sources */,
			);
			runOnlyForDeploymentPostprocessing = 0;
		};
/* End PBXSourcesBuildPhase section */

/* Begin PBXTargetDependency section */
		BF24FE8528C4DBF800775945 /* PBXTargetDependency */ = {
			isa = PBXTargetDependency;
			target = BF24FE7228C4DBF600775945 /* Restart-SwiftUI */;
			targetProxy = BF24FE8428C4DBF800775945 /* PBXContainerItemProxy */;
		};
		BF24FE8F28C4DBF800775945 /* PBXTargetDependency */ = {
			isa = PBXTargetDependency;
			target = BF24FE7228C4DBF600775945 /* Restart-SwiftUI */;
			targetProxy = BF24FE8E28C4DBF800775945 /* PBXContainerItemProxy */;
		};
/* End PBXTargetDependency section */

/* Begin XCBuildConfiguration section */
		BF24FE9528C4DBF800775945 /* Debug */ = {
			isa = XCBuildConfiguration;
			buildSettings = {
				ALWAYS_SEARCH_USER_PATHS = NO;
				CLANG_ANALYZER_NONNULL = YES;
				CLANG_ANALYZER_NUMBER_OBJECT_CONVERSION = YES_AGGRESSIVE;
				CLANG_CXX_LANGUAGE_STANDARD = "gnu++17";
				CLANG_ENABLE_MODULES = YES;
				CLANG_ENABLE_OBJC_ARC = YES;
				CLANG_ENABLE_OBJC_WEAK = YES;
				CLANG_WARN_BLOCK_CAPTURE_AUTORELEASING = YES;
				CLANG_WARN_BOOL_CONVERSION = YES;
				CLANG_WARN_COMMA = YES;
				CLANG_WARN_CONSTANT_CONVERSION = YES;
				CLANG_WARN_DEPRECATED_OBJC_IMPLEMENTATIONS = YES;
				CLANG_WARN_DIRECT_OBJC_ISA_USAGE = YES_ERROR;
				CLANG_WARN_DOCUMENTATION_COMMENTS = YES;
				CLANG_WARN_EMPTY_BODY = YES;
				CLANG_WARN_ENUM_CONVERSION = YES;
				CLANG_WARN_INFINITE_RECURSION = YES;
				CLANG_WARN_INT_CONVERSION = YES;
				CLANG_WARN_NON_LITERAL_NULL_CONVERSION = YES;
				CLANG_WARN_OBJC_IMPLICIT_RETAIN_SELF = YES;
				CLANG_WARN_OBJC_LITERAL_CONVERSION = YES;
				CLANG_WARN_OBJC_ROOT_CLASS = YES_ERROR;
				CLANG_WARN_QUOTED_INCLUDE_IN_FRAMEWORK_HEADER = YES;
				CLANG_WARN_RANGE_LOOP_ANALYSIS = YES;
				CLANG_WARN_STRICT_PROTOTYPES = YES;
				CLANG_WARN_SUSPICIOUS_MOVE = YES;
				CLANG_WARN_UNGUARDED_AVAILABILITY = YES_AGGRESSIVE;
				CLANG_WARN_UNREACHABLE_CODE = YES;
				CLANG_WARN__DUPLICATE_METHOD_MATCH = YES;
				COPY_PHASE_STRIP = NO;
				DEBUG_INFORMATION_FORMAT = dwarf;
				ENABLE_STRICT_OBJC_MSGSEND = YES;
				ENABLE_TESTABILITY = YES;
				GCC_C_LANGUAGE_STANDARD = gnu11;
				GCC_DYNAMIC_NO_PIC = NO;
				GCC_NO_COMMON_BLOCKS = YES;
				GCC_OPTIMIZATION_LEVEL = 0;
				GCC_PREPROCESSOR_DEFINITIONS = (
					"DEBUG=1",
					"$(inherited)",
				);
				GCC_WARN_64_TO_32_BIT_CONVERSION = YES;
				GCC_WARN_ABOUT_RETURN_TYPE = YES_ERROR;
				GCC_WARN_UNDECLARED_SELECTOR = YES;
				GCC_WARN_UNINITIALIZED_AUTOS = YES_AGGRESSIVE;
				GCC_WARN_UNUSED_FUNCTION = YES;
				GCC_WARN_UNUSED_VARIABLE = YES;
				IPHONEOS_DEPLOYMENT_TARGET = 15.5;
				MTL_ENABLE_DEBUG_INFO = INCLUDE_SOURCE;
				MTL_FAST_MATH = YES;
				ONLY_ACTIVE_ARCH = YES;
				SDKROOT = iphoneos;
				SWIFT_ACTIVE_COMPILATION_CONDITIONS = DEBUG;
				SWIFT_OPTIMIZATION_LEVEL = "-Onone";
			};
			name = Debug;
		};
		BF24FE9628C4DBF800775945 /* Release */ = {
			isa = XCBuildConfiguration;
			buildSettings = {
				ALWAYS_SEARCH_USER_PATHS = NO;
				CLANG_ANALYZER_NONNULL = YES;
				CLANG_ANALYZER_NUMBER_OBJECT_CONVERSION = YES_AGGRESSIVE;
				CLANG_CXX_LANGUAGE_STANDARD = "gnu++17";
				CLANG_ENABLE_MODULES = YES;
				CLANG_ENABLE_OBJC_ARC = YES;
				CLANG_ENABLE_OBJC_WEAK = YES;
				CLANG_WARN_BLOCK_CAPTURE_AUTORELEASING = YES;
				CLANG_WARN_BOOL_CONVERSION = YES;
				CLANG_WARN_COMMA = YES;
				CLANG_WARN_CONSTANT_CONVERSION = YES;
				CLANG_WARN_DEPRECATED_OBJC_IMPLEMENTATIONS = YES;
				CLANG_WARN_DIRECT_OBJC_ISA_USAGE = YES_ERROR;
				CLANG_WARN_DOCUMENTATION_COMMENTS = YES;
				CLANG_WARN_EMPTY_BODY = YES;
				CLANG_WARN_ENUM_CONVERSION = YES;
				CLANG_WARN_INFINITE_RECURSION = YES;
				CLANG_WARN_INT_CONVERSION = YES;
				CLANG_WARN_NON_LITERAL_NULL_CONVERSION = YES;
				CLANG_WARN_OBJC_IMPLICIT_RETAIN_SELF = YES;
				CLANG_WARN_OBJC_LITERAL_CONVERSION = YES;
				CLANG_WARN_OBJC_ROOT_CLASS = YES_ERROR;
				CLANG_WARN_QUOTED_INCLUDE_IN_FRAMEWORK_HEADER = YES;
				CLANG_WARN_RANGE_LOOP_ANALYSIS = YES;
				CLANG_WARN_STRICT_PROTOTYPES = YES;
				CLANG_WARN_SUSPICIOUS_MOVE = YES;
				CLANG_WARN_UNGUARDED_AVAILABILITY = YES_AGGRESSIVE;
				CLANG_WARN_UNREACHABLE_CODE = YES;
				CLANG_WARN__DUPLICATE_METHOD_MATCH = YES;
				COPY_PHASE_STRIP = NO;
				DEBUG_INFORMATION_FORMAT = "dwarf-with-dsym";
				ENABLE_NS_ASSERTIONS = NO;
				ENABLE_STRICT_OBJC_MSGSEND = YES;
				GCC_C_LANGUAGE_STANDARD = gnu11;
				GCC_NO_COMMON_BLOCKS = YES;
				GCC_WARN_64_TO_32_BIT_CONVERSION = YES;
				GCC_WARN_ABOUT_RETURN_TYPE = YES_ERROR;
				GCC_WARN_UNDECLARED_SELECTOR = YES;
				GCC_WARN_UNINITIALIZED_AUTOS = YES_AGGRESSIVE;
				GCC_WARN_UNUSED_FUNCTION = YES;
				GCC_WARN_UNUSED_VARIABLE = YES;
				IPHONEOS_DEPLOYMENT_TARGET = 15.5;
				MTL_ENABLE_DEBUG_INFO = NO;
				MTL_FAST_MATH = YES;
				SDKROOT = iphoneos;
				SWIFT_COMPILATION_MODE = wholemodule;
				SWIFT_OPTIMIZATION_LEVEL = "-O";
				VALIDATE_PRODUCT = YES;
			};
			name = Release;
		};
		BF24FE9828C4DBF800775945 /* Debug */ = {
			isa = XCBuildConfiguration;
			buildSettings = {
				ASSETCATALOG_COMPILER_APPICON_NAME = AppIcon;
				ASSETCATALOG_COMPILER_GLOBAL_ACCENT_COLOR_NAME = AccentColor;
				CODE_SIGN_STYLE = Automatic;
				CURRENT_PROJECT_VERSION = 1;
				DEVELOPMENT_ASSET_PATHS = "\"Restart-SwiftUI/Preview Content\"";
				DEVELOPMENT_TEAM = L8QX5LU28U;
				ENABLE_PREVIEWS = YES;
				GENERATE_INFOPLIST_FILE = YES;
				INFOPLIST_FILE = "Restart-SwiftUI/Info.plist";
				INFOPLIST_KEY_UIApplicationSceneManifest_Generation = YES;
				INFOPLIST_KEY_UIApplicationSupportsIndirectInputEvents = YES;
				INFOPLIST_KEY_UISupportedInterfaceOrientations = UIInterfaceOrientationPortrait;
				INFOPLIST_KEY_UISupportedInterfaceOrientations_iPad = "UIInterfaceOrientationPortrait UIInterfaceOrientationPortraitUpsideDown UIInterfaceOrientationLandscapeLeft UIInterfaceOrientationLandscapeRight";
				INFOPLIST_KEY_UISupportedInterfaceOrientations_iPhone = UIInterfaceOrientationPortrait;
				LD_RUNPATH_SEARCH_PATHS = (
					"$(inherited)",
					"@executable_path/Frameworks",
				);
				MARKETING_VERSION = 1.0;
				PRODUCT_BUNDLE_IDENTIFIER = "au.edu.uts.Restart-SwiftUI";
				PRODUCT_NAME = "$(TARGET_NAME)";
				SWIFT_EMIT_LOC_STRINGS = YES;
				SWIFT_VERSION = 5.0;
				TARGETED_DEVICE_FAMILY = "1,2";
			};
			name = Debug;
		};
		BF24FE9928C4DBF800775945 /* Release */ = {
			isa = XCBuildConfiguration;
			buildSettings = {
				ASSETCATALOG_COMPILER_APPICON_NAME = AppIcon;
				ASSETCATALOG_COMPILER_GLOBAL_ACCENT_COLOR_NAME = AccentColor;
				CODE_SIGN_STYLE = Automatic;
				CURRENT_PROJECT_VERSION = 1;
				DEVELOPMENT_ASSET_PATHS = "\"Restart-SwiftUI/Preview Content\"";
				DEVELOPMENT_TEAM = L8QX5LU28U;
				ENABLE_PREVIEWS = YES;
				GENERATE_INFOPLIST_FILE = YES;
				INFOPLIST_FILE = "Restart-SwiftUI/Info.plist";
				INFOPLIST_KEY_UIApplicationSceneManifest_Generation = YES;
				INFOPLIST_KEY_UIApplicationSupportsIndirectInputEvents = YES;
				INFOPLIST_KEY_UISupportedInterfaceOrientations = UIInterfaceOrientationPortrait;
				INFOPLIST_KEY_UISupportedInterfaceOrientations_iPad = "UIInterfaceOrientationPortrait UIInterfaceOrientationPortraitUpsideDown UIInterfaceOrientationLandscapeLeft UIInterfaceOrientationLandscapeRight";
				INFOPLIST_KEY_UISupportedInterfaceOrientations_iPhone = UIInterfaceOrientationPortrait;
				LD_RUNPATH_SEARCH_PATHS = (
					"$(inherited)",
					"@executable_path/Frameworks",
				);
				MARKETING_VERSION = 1.0;
				PRODUCT_BUNDLE_IDENTIFIER = "au.edu.uts.Restart-SwiftUI";
				PRODUCT_NAME = "$(TARGET_NAME)";
				SWIFT_EMIT_LOC_STRINGS = YES;
				SWIFT_VERSION = 5.0;
				TARGETED_DEVICE_FAMILY = "1,2";
			};
			name = Release;
		};
		BF24FE9B28C4DBF800775945 /* Debug */ = {
			isa = XCBuildConfiguration;
			buildSettings = {
				ALWAYS_EMBED_SWIFT_STANDARD_LIBRARIES = YES;
				BUNDLE_LOADER = "$(TEST_HOST)";
				CODE_SIGN_STYLE = Automatic;
				CURRENT_PROJECT_VERSION = 1;
				GENERATE_INFOPLIST_FILE = YES;
				IPHONEOS_DEPLOYMENT_TARGET = 15.5;
				MARKETING_VERSION = 1.0;
				PRODUCT_BUNDLE_IDENTIFIER = "au.edu.uts.Restart-SwiftUITests";
				PRODUCT_NAME = "$(TARGET_NAME)";
				SWIFT_EMIT_LOC_STRINGS = NO;
				SWIFT_VERSION = 5.0;
				TARGETED_DEVICE_FAMILY = "1,2";
				TEST_HOST = "$(BUILT_PRODUCTS_DIR)/Restart-SwiftUI.app/Restart-SwiftUI";
			};
			name = Debug;
		};
		BF24FE9C28C4DBF800775945 /* Release */ = {
			isa = XCBuildConfiguration;
			buildSettings = {
				ALWAYS_EMBED_SWIFT_STANDARD_LIBRARIES = YES;
				BUNDLE_LOADER = "$(TEST_HOST)";
				CODE_SIGN_STYLE = Automatic;
				CURRENT_PROJECT_VERSION = 1;
				GENERATE_INFOPLIST_FILE = YES;
				IPHONEOS_DEPLOYMENT_TARGET = 15.5;
				MARKETING_VERSION = 1.0;
				PRODUCT_BUNDLE_IDENTIFIER = "au.edu.uts.Restart-SwiftUITests";
				PRODUCT_NAME = "$(TARGET_NAME)";
				SWIFT_EMIT_LOC_STRINGS = NO;
				SWIFT_VERSION = 5.0;
				TARGETED_DEVICE_FAMILY = "1,2";
				TEST_HOST = "$(BUILT_PRODUCTS_DIR)/Restart-SwiftUI.app/Restart-SwiftUI";
			};
			name = Release;
		};
		BF24FE9E28C4DBF800775945 /* Debug */ = {
			isa = XCBuildConfiguration;
			buildSettings = {
				ALWAYS_EMBED_SWIFT_STANDARD_LIBRARIES = YES;
				CODE_SIGN_STYLE = Automatic;
				CURRENT_PROJECT_VERSION = 1;
				GENERATE_INFOPLIST_FILE = YES;
				MARKETING_VERSION = 1.0;
				PRODUCT_BUNDLE_IDENTIFIER = "au.edu.uts.Restart-SwiftUIUITests";
				PRODUCT_NAME = "$(TARGET_NAME)";
				SWIFT_EMIT_LOC_STRINGS = NO;
				SWIFT_VERSION = 5.0;
				TARGETED_DEVICE_FAMILY = "1,2";
				TEST_TARGET_NAME = "Restart-SwiftUI";
			};
			name = Debug;
		};
		BF24FE9F28C4DBF800775945 /* Release */ = {
			isa = XCBuildConfiguration;
			buildSettings = {
				ALWAYS_EMBED_SWIFT_STANDARD_LIBRARIES = YES;
				CODE_SIGN_STYLE = Automatic;
				CURRENT_PROJECT_VERSION = 1;
				GENERATE_INFOPLIST_FILE = YES;
				MARKETING_VERSION = 1.0;
				PRODUCT_BUNDLE_IDENTIFIER = "au.edu.uts.Restart-SwiftUIUITests";
				PRODUCT_NAME = "$(TARGET_NAME)";
				SWIFT_EMIT_LOC_STRINGS = NO;
				SWIFT_VERSION = 5.0;
				TARGETED_DEVICE_FAMILY = "1,2";
				TEST_TARGET_NAME = "Restart-SwiftUI";
			};
			name = Release;
		};
/* End XCBuildConfiguration section */

/* Begin XCConfigurationList section */
		BF24FE6E28C4DBF600775945 /* Build configuration list for PBXProject "Restart-SwiftUI" */ = {
			isa = XCConfigurationList;
			buildConfigurations = (
				BF24FE9528C4DBF800775945 /* Debug */,
				BF24FE9628C4DBF800775945 /* Release */,
			);
			defaultConfigurationIsVisible = 0;
			defaultConfigurationName = Release;
		};
		BF24FE9728C4DBF800775945 /* Build configuration list for PBXNativeTarget "Restart-SwiftUI" */ = {
			isa = XCConfigurationList;
			buildConfigurations = (
				BF24FE9828C4DBF800775945 /* Debug */,
				BF24FE9928C4DBF800775945 /* Release */,
			);
			defaultConfigurationIsVisible = 0;
			defaultConfigurationName = Release;
		};
		BF24FE9A28C4DBF800775945 /* Build configuration list for PBXNativeTarget "Restart-SwiftUITests" */ = {
			isa = XCConfigurationList;
			buildConfigurations = (
				BF24FE9B28C4DBF800775945 /* Debug */,
				BF24FE9C28C4DBF800775945 /* Release */,
			);
			defaultConfigurationIsVisible = 0;
			defaultConfigurationName = Release;
		};
		BF24FE9D28C4DBF800775945 /* Build configuration list for PBXNativeTarget "Restart-SwiftUIUITests" */ = {
			isa = XCConfigurationList;
			buildConfigurations = (
				BF24FE9E28C4DBF800775945 /* Debug */,
				BF24FE9F28C4DBF800775945 /* Release */,
			);
			defaultConfigurationIsVisible = 0;
			defaultConfigurationName = Release;
		};
/* End XCConfigurationList section */
	};
	rootObject = BF24FE6B28C4DBF600775945 /* Project object */;
}
